{
	"name": "@anchan828/nest-cloud-run-pubsub-worker",
	"version": "0.3.7",
	"lockfileVersion": 1,
	"requires": true,
	"dependencies": {
		"class-validator": {
			"version": "0.13.0",
			"resolved": "https://registry.npmjs.org/class-validator/-/class-validator-0.13.0.tgz",
			"integrity": "sha512-PNu14GiCXGqVKrCa7VJbDkA3wgB7ORdVwiK+DexcV0Dbk3UKLeHuD2Pn/BbhiFCcIf7GqChapnpZKaGFfdfVCQ==",
			"requires": {
				"libphonenumber-js": "^1.7.57",
				"validator": "^13.1.1"
			}
		},
		"libphonenumber-js": {
			"version": "1.9.7",
			"resolved": "https://registry.npmjs.org/libphonenumber-js/-/libphonenumber-js-1.9.7.tgz",
			"integrity": "sha512-mDY7fCe6dXd1ZUvYr3Q0ZaoqZ1DVXDSjcqa3AMGyudEd0Tyf8PoHkQ+9NucIBy9C/wFITPwL3Ef9SA148q20Cw=="
		},
		"validator": {
			"version": "13.5.2",
			"resolved": "https://registry.npmjs.org/validator/-/validator-13.5.2.tgz",
			"integrity": "sha512-mD45p0rvHVBlY2Zuy3F3ESIe1h5X58GPfAtslBjY7EtTqGquZTj+VX/J4RnHWN8FKq0C9WRVt1oWAcytWRuYLQ=="
		}
	}
}
